
Microsoft Visual Studio Solution File, Format Version 12.00
# Visual Studio Version 17
VisualStudioVersion = 17.11.35312.102
MinimumVisualStudioVersion = 10.0.40219.1
Project("{9A19103F-16F7-4668-BE54-9A1E7A4F7556}") = "VF.Domain", "VF.Domain\VF.Domain.csproj", "{782E1EC2-BC79-4BA2-9F09-A207233E54FA}"
EndProject
Project("{9A19103F-16F7-4668-BE54-9A1E7A4F7556}") = "VF.Application", "VF.Application\VF.Application.csproj", "{85B4E473-1291-48A6-85FD-DC9CC30E4118}"
EndProject
Project("{9A19103F-16F7-4668-BE54-9A1E7A4F7556}") = "VF.Api", "VF.Api\VF.Api.csproj", "{1F2478B6-44E7-488B-AA21-1DA66AEADD40}"
EndProject
Project("{9A19103F-16F7-4668-BE54-9A1E7A4F7556}") = "VF.Database", "VF.Database\VF.Database.csproj", "{91199A11-FCD2-4233-B3A6-52D956901FCD}"
EndProject
Project("{2150E333-8FDC-42A3-9474-1A3956D46DE8}") = "Source", "Source", "{6E3E4BD4-A854-4AF1-87BB-F3C55F358585}"
EndProject
Project("{2150E333-8FDC-42A3-9474-1A3956D46DE8}") = "Tests", "Tests", "{D79EE90A-42F9-4283-953A-72DAC44BBE2D}"
EndProject
Project("{FAE04EC0-301F-11D3-BF4B-00C04F79EFBC}") = "VF.Tests", "VF.Tests\VF.Tests.csproj", "{31978357-00EB-4618-B707-692C09A2B41B}"
EndProject
Global
	GlobalSection(SolutionConfigurationPlatforms) = preSolution
		Debug|Any CPU = Debug|Any CPU
		Release|Any CPU = Release|Any CPU
	EndGlobalSection
	GlobalSection(ProjectConfigurationPlatforms) = postSolution
		{782E1EC2-BC79-4BA2-9F09-A207233E54FA}.Debug|Any CPU.ActiveCfg = Debug|Any CPU
		{782E1EC2-BC79-4BA2-9F09-A207233E54FA}.Debug|Any CPU.Build.0 = Debug|Any CPU
		{782E1EC2-BC79-4BA2-9F09-A207233E54FA}.Release|Any CPU.ActiveCfg = Release|Any CPU
		{782E1EC2-BC79-4BA2-9F09-A207233E54FA}.Release|Any CPU.Build.0 = Release|Any CPU
		{85B4E473-1291-48A6-85FD-DC9CC30E4118}.Debug|Any CPU.ActiveCfg = Debug|Any CPU
		{85B4E473-1291-48A6-85FD-DC9CC30E4118}.Debug|Any CPU.Build.0 = Debug|Any CPU
		{85B4E473-1291-48A6-85FD-DC9CC30E4118}.Release|Any CPU.ActiveCfg = Release|Any CPU
		{85B4E473-1291-48A6-85FD-DC9CC30E4118}.Release|Any CPU.Build.0 = Release|Any CPU
		{1F2478B6-44E7-488B-AA21-1DA66AEADD40}.Debug|Any CPU.ActiveCfg = Debug|Any CPU
		{1F2478B6-44E7-488B-AA21-1DA66AEADD40}.Debug|Any CPU.Build.0 = Debug|Any CPU
		{1F2478B6-44E7-488B-AA21-1DA66AEADD40}.Release|Any CPU.ActiveCfg = Release|Any CPU
		{1F2478B6-44E7-488B-AA21-1DA66AEADD40}.Release|Any CPU.Build.0 = Release|Any CPU
		{91199A11-FCD2-4233-B3A6-52D956901FCD}.Debug|Any CPU.ActiveCfg = Debug|Any CPU
		{91199A11-FCD2-4233-B3A6-52D956901FCD}.Debug|Any CPU.Build.0 = Debug|Any CPU
		{91199A11-FCD2-4233-B3A6-52D956901FCD}.Release|Any CPU.ActiveCfg = Release|Any CPU
		{91199A11-FCD2-4233-B3A6-52D956901FCD}.Release|Any CPU.Build.0 = Release|Any CPU
		{31978357-00EB-4618-B707-692C09A2B41B}.Debug|Any CPU.ActiveCfg = Debug|Any CPU
		{31978357-00EB-4618-B707-692C09A2B41B}.Debug|Any CPU.Build.0 = Debug|Any CPU
		{31978357-00EB-4618-B707-692C09A2B41B}.Release|Any CPU.ActiveCfg = Release|Any CPU
		{31978357-00EB-4618-B707-692C09A2B41B}.Release|Any CPU.Build.0 = Release|Any CPU
	EndGlobalSection
	GlobalSection(SolutionProperties) = preSolution
		HideSolutionNode = FALSE
	EndGlobalSection
	GlobalSection(NestedProjects) = preSolution
		{782E1EC2-BC79-4BA2-9F09-A207233E54FA} = {6E3E4BD4-A854-4AF1-87BB-F3C55F358585}
		{85B4E473-1291-48A6-85FD-DC9CC30E4118} = {6E3E4BD4-A854-4AF1-87BB-F3C55F358585}
		{1F2478B6-44E7-488B-AA21-1DA66AEADD40} = {6E3E4BD4-A854-4AF1-87BB-F3C55F358585}
		{91199A11-FCD2-4233-B3A6-52D956901FCD} = {6E3E4BD4-A854-4AF1-87BB-F3C55F358585}
		{31978357-00EB-4618-B707-692C09A2B41B} = {D79EE90A-42F9-4283-953A-72DAC44BBE2D}
	EndGlobalSection
	GlobalSection(ExtensibilityGlobals) = postSolution
		SolutionGuid = {124F2C0E-07A6-4544-9DE0-633E533AE3C3}
	EndGlobalSection
EndGlobal
